// !$*UTF8*$!
{
	archiveVersion = 1;
	classes = {
	};
	objectVersion = 50;
	objects = {

/* Begin PBXBuildFile section */
		785F157024A6F77400CA9CFD /* AppDelegate.swift in Sources */ = {isa = PBXBuildFile; fileRef = 785F156F24A6F77400CA9CFD /* AppDelegate.swift */; };
		785F157224A6F77400CA9CFD /* ViewController.swift in Sources */ = {isa = PBXBuildFile; fileRef = 785F157124A6F77400CA9CFD /* ViewController.swift */; };
		785F157524A6F77400CA9CFD /* Main.storyboard in Resources */ = {isa = PBXBuildFile; fileRef = 785F157324A6F77400CA9CFD /* Main.storyboard */; };
		785F157724A6F77400CA9CFD /* Assets.xcassets in Resources */ = {isa = PBXBuildFile; fileRef = 785F157624A6F77400CA9CFD /* Assets.xcassets */; };
		785F157A24A6F77400CA9CFD /* LaunchScreen.storyboard in Resources */ = {isa = PBXBuildFile; fileRef = 785F157824A6F77400CA9CFD /* LaunchScreen.storyboard */; };
		785F158224A6FFF800CA9CFD /* ImagesViewController.swift in Sources */ = {isa = PBXBuildFile; fileRef = 785F158124A6FFF800CA9CFD /* ImagesViewController.swift */; };
		785F158424A7055E00CA9CFD /* SwiftyJSON.swift in Sources */ = {isa = PBXBuildFile; fileRef = 785F158324A7055E00CA9CFD /* SwiftyJSON.swift */; };
/* End PBXBuildFile section */

/* Begin PBXFileReference section */
		785F156C24A6F77400CA9CFD /* Randomly Beautiful.app */ = {isa = PBXFileReference; explicitFileType = wrapper.application; includeInIndex = 0; path = "Randomly Beautiful.app"; sourceTree = BUILT_PRODUCTS_DIR; };
		785F156F24A6F77400CA9CFD /* AppDelegate.swift */ = {isa = PBXFileReference; lastKnownFileType = sourcecode.swift; path = AppDelegate.swift; sourceTree = "<group>"; };
		785F157124A6F77400CA9CFD /* ViewController.swift */ = {isa = PBXFileReference; lastKnownFileType = sourcecode.swift; path = ViewController.swift; sourceTree = "<group>"; };
		785F157424A6F77400CA9CFD /* Base */ = {isa = PBXFileReference; lastKnownFileType = file.storyboard; name = Base; path = Base.lproj/Main.storyboard; sourceTree = "<group>"; };
		785F157624A6F77400CA9CFD /* Assets.xcassets */ = {isa = PBXFileReference; lastKnownFileType = folder.assetcatalog; path = Assets.xcassets; sourceTree = "<group>"; };
		785F157924A6F77400CA9CFD /* Base */ = {isa = PBXFileReference; lastKnownFileType = file.storyboard; name = Base; path = Base.lproj/LaunchScreen.storyboard; sourceTree = "<group>"; };
		785F157B24A6F77400CA9CFD /* Info.plist */ = {isa = PBXFileReference; lastKnownFileType = text.plist.xml; path = Info.plist; sourceTree = "<group>"; };
		785F158124A6FFF800CA9CFD /* ImagesViewController.swift */ = {isa = PBXFileReference; lastKnownFileType = sourcecode.swift; path = ImagesViewController.swift; sourceTree = "<group>"; };
		785F158324A7055E00CA9CFD /* SwiftyJSON.swift */ = {isa = PBXFileReference; fileEncoding = 4; lastKnownFileType = sourcecode.swift; path = SwiftyJSON.swift; sourceTree = "<group>"; };
/* End PBXFileReference section */

/* Begin PBXFrameworksBuildPhase section */
		785F156924A6F77400CA9CFD /* Frameworks */ = {
			isa = PBXFrameworksBuildPhase;
			buildActionMask = 2147483647;
			files = (
			);
			runOnlyForDeploymentPostprocessing = 0;
		};
/* End PBXFrameworksBuildPhase section */

/* Begin PBXGroup section */
		785F156324A6F77400CA9CFD = {
			isa = PBXGroup;
			children = (
				785F156E24A6F77400CA9CFD /* Randomly Beautiful */,
				785F156D24A6F77400CA9CFD /* Products */,
			);
			sourceTree = "<group>";
		};
		785F156D24A6F77400CA9CFD /* Products */ = {
			isa = PBXGroup;
			children = (
				785F156C24A6F77400CA9CFD /* Randomly Beautiful.app */,
			);
			name = Products;
			sourceTree = "<group>";
		};
		785F156E24A6F77400CA9CFD /* Randomly Beautiful */ = {
			isa = PBXGroup;
			children = (
				785F156F24A6F77400CA9CFD /* AppDelegate.swift */,
				785F157124A6F77400CA9CFD /* ViewController.swift */,
				785F157324A6F77400CA9CFD /* Main.storyboard */,
				785F158324A7055E00CA9CFD /* SwiftyJSON.swift */,
				785F158124A6FFF800CA9CFD /* ImagesViewController.swift */,
				785F157624A6F77400CA9CFD /* Assets.xcassets */,
				785F157824A6F77400CA9CFD /* LaunchScreen.storyboard */,
				785F157B24A6F77400CA9CFD /* Info.plist */,
			);
			path = "Randomly Beautiful";
			sourceTree = "<group>";
		};
/* End PBXGroup section */

/* Begin PBXNativeTarget section */
		785F156B24A6F77400CA9CFD /* Randomly Beautiful */ = {
			isa = PBXNativeTarget;
			buildConfigurationList = 785F157E24A6F77400CA9CFD /* Build configuration list for PBXNativeTarget "Randomly Beautiful" */;
			buildPhases = (
				785F156824A6F77400CA9CFD /* Sources */,
				785F156924A6F77400CA9CFD /* Frameworks */,
				785F156A24A6F77400CA9CFD /* Resources */,
			);
			buildRules = (
			);
			dependencies = (
			);
			name = "Randomly Beautiful";
			productName = "Randomly Beautiful";
			productReference = 785F156C24A6F77400CA9CFD /* Randomly Beautiful.app */;
			productType = "com.apple.product-type.application";
		};
/* End PBXNativeTarget section */

/* Begin PBXProject section */
		785F156424A6F77400CA9CFD /* Project object */ = {
			isa = PBXProject;
			attributes = {
				LastSwiftUpdateCheck = 1150;
				LastUpgradeCheck = 1150;
				ORGANIZATIONNAME = "Dixita Bhargava";
				TargetAttributes = {
					785F156B24A6F77400CA9CFD = {
						CreatedOnToolsVersion = 11.5;
					};
				};
			};
			buildConfigurationList = 785F156724A6F77400CA9CFD /* Build configuration list for PBXProject "Randomly Beautiful" */;
			compatibilityVersion = "Xcode 9.3";
			developmentRegion = en;
			hasScannedForEncodings = 0;
			knownRegions = (
				en,
				Base,
			);
			mainGroup = 785F156324A6F77400CA9CFD;
			productRefGroup = 785F156D24A6F77400CA9CFD /* Products */;
			projectDirPath = "";
			projectRoot = "";
			targets = (
				785F156B24A6F77400CA9CFD /* Randomly Beautiful */,
			);
		};
/* End PBXProject section */

/* Begin PBXResourcesBuildPhase section */
		785F156A24A6F77400CA9CFD /* Resources */ = {
			isa = PBXResourcesBuildPhase;
			buildActionMask = 2147483647;
			files = (
				785F157A24A6F77400CA9CFD /* LaunchScreen.storyboard in Resources */,
				785F157724A6F77400CA9CFD /* Assets.xcassets in Resources */,
				785F157524A6F77400CA9CFD /* Main.storyboard in Resources */,
			);
			runOnlyForDeploymentPostprocessing = 0;
		};
/* End PBXResourcesBuildPhase section */

/* Begin PBXSourcesBuildPhase section */
		785F156824A6F77400CA9CFD /* Sources */ = {
			isa = PBXSourcesBuildPhase;
			buildActionMask = 2147483647;
			files = (
				785F158224A6FFF800CA9CFD /* ImagesViewController.swift in Sources */,
				785F157224A6F77400CA9CFD /* ViewController.swift in Sources */,
				785F157024A6F77400CA9CFD /* AppDelegate.swift in Sources */,
				785F158424A7055E00CA9CFD /* SwiftyJSON.swift in Sources */,
			);
			runOnlyForDeploymentPostprocessing = 0;
		};
/* End PBXSourcesBuildPhase section */

/* Begin PBXVariantGroup section */
		785F157324A6F77400CA9CFD /* Main.storyboard */ = {
			isa = PBXVariantGroup;
			children = (
				785F157424A6F77400CA9CFD /* Base */,
			);
			name = Main.storyboard;
			sourceTree = "<group>";
		};
		785F157824A6F77400CA9CFD /* LaunchScreen.storyboard */ = {
			isa = PBXVariantGroup;
			children = (
				785F157924A6F77400CA9CFD /* Base */,
			);
			name = LaunchScreen.storyboard;
			sourceTree = "<group>";
		};
/* End PBXVariantGroup section */

/* Begin XCBuildConfiguration section */
		785F157C24A6F77400CA9CFD /* Debug */ = {
			isa = XCBuildConfiguration;
			buildSettings = {
				ALWAYS_SEARCH_USER_PATHS = NO;
				CLANG_ANALYZER_NONNULL = YES;
				CLANG_ANALYZER_NUMBER_OBJECT_CONVERSION = YES_AGGRESSIVE;
				CLANG_CXX_LANGUAGE_STANDARD = "gnu++14";
				CLANG_CXX_LIBRARY = "libc++";
				CLANG_ENABLE_MODULES = YES;
				CLANG_ENABLE_OBJC_ARC = YES;
				CLANG_ENABLE_OBJC_WEAK = YES;
				CLANG_WARN_BLOCK_CAPTURE_AUTORELEASING = YES;
				CLANG_WARN_BOOL_CONVERSION = YES;
				CLANG_WARN_COMMA = YES;
				CLANG_WARN_CONSTANT_CONVERSION = YES;
				CLANG_WARN_DEPRECATED_OBJC_IMPLEMENTATIONS = YES;
				CLANG_WARN_DIRECT_OBJC_ISA_USAGE = YES_ERROR;
				CLANG_WARN_DOCUMENTATION_COMMENTS = YES;
				CLANG_WARN_EMPTY_BODY = YES;
				CLANG_WARN_ENUM_CONVERSION = YES;
				CLANG_WARN_INFINITE_RECURSION = YES;
				CLANG_WARN_INT_CONVERSION = YES;
				CLANG_WARN_NON_LITERAL_NULL_CONVERSION = YES;
				CLANG_WARN_OBJC_IMPLICIT_RETAIN_SELF = YES;
				CLANG_WARN_OBJC_LITERAL_CONVERSION = YES;
				CLANG_WARN_OBJC_ROOT_CLASS = YES_ERROR;
				CLANG_WARN_RANGE_LOOP_ANALYSIS = YES;
				CLANG_WARN_STRICT_PROTOTYPES = YES;
				CLANG_WARN_SUSPICIOUS_MOVE = YES;
				CLANG_WARN_UNGUARDED_AVAILABILITY = YES_AGGRESSIVE;
				CLANG_WARN_UNREACHABLE_CODE = YES;
				CLANG_WARN__DUPLICATE_METHOD_MATCH = YES;
				COPY_PHASE_STRIP = NO;
				DEBUG_INFORMATION_FORMAT = dwarf;
				ENABLE_STRICT_OBJC_MSGSEND = YES;
				ENABLE_TESTABILITY = YES;
				GCC_C_LANGUAGE_STANDARD = gnu11;
				GCC_DYNAMIC_NO_PIC = NO;
				GCC_NO_COMMON_BLOCKS = YES;
				GCC_OPTIMIZATION_LEVEL = 0;
				GCC_PREPROCESSOR_DEFINITIONS = (
					"DEBUG=1",
					"$(inherited)",
				);
				GCC_WARN_64_TO_32_BIT_CONVERSION = YES;
				GCC_WARN_ABOUT_RETURN_TYPE = YES_ERROR;
				GCC_WARN_UNDECLARED_SELECTOR = YES;
				GCC_WARN_UNINITIALIZED_AUTOS = YES_AGGRESSIVE;
				GCC_WARN_UNUSED_FUNCTION = YES;
				GCC_WARN_UNUSED_VARIABLE = YES;
				MTL_ENABLE_DEBUG_INFO = INCLUDE_SOURCE;
				MTL_FAST_MATH = YES;
				ONLY_ACTIVE_ARCH = YES;
				SDKROOT = appletvos;
				SWIFT_ACTIVE_COMPILATION_CONDITIONS = DEBUG;
				SWIFT_OPTIMIZATION_LEVEL = "-Onone";
				TVOS_DEPLOYMENT_TARGET = 13.4;
			};
			name = Debug;
		};
		785F157D24A6F77400CA9CFD /* Release */ = {
			isa = XCBuildConfiguration;
			buildSettings = {
				ALWAYS_SEARCH_USER_PATHS = NO;
				CLANG_ANALYZER_NONNULL = YES;
				CLANG_ANALYZER_NUMBER_OBJECT_CONVERSION = YES_AGGRESSIVE;
				CLANG_CXX_LANGUAGE_STANDARD = "gnu++14";
				CLANG_CXX_LIBRARY = "libc++";
				CLANG_ENABLE_MODULES = YES;
				CLANG_ENABLE_OBJC_ARC = YES;
				CLANG_ENABLE_OBJC_WEAK = YES;
				CLANG_WARN_BLOCK_CAPTURE_AUTORELEASING = YES;
				CLANG_WARN_BOOL_CONVERSION = YES;
				CLANG_WARN_COMMA = YES;
				CLANG_WARN_CONSTANT_CONVERSION = YES;
				CLANG_WARN_DEPRECATED_OBJC_IMPLEMENTATIONS = YES;
				CLANG_WARN_DIRECT_OBJC_ISA_USAGE = YES_ERROR;
				CLANG_WARN_DOCUMENTATION_COMMENTS = YES;
				CLANG_WARN_EMPTY_BODY = YES;
				CLANG_WARN_ENUM_CONVERSION = YES;
				CLANG_WARN_INFINITE_RECURSION = YES;
				CLANG_WARN_INT_CONVERSION = YES;
				CLANG_WARN_NON_LITERAL_NULL_CONVERSION = YES;
				CLANG_WARN_OBJC_IMPLICIT_RETAIN_SELF = YES;
				CLANG_WARN_OBJC_LITERAL_CONVERSION = YES;
				CLANG_WARN_OBJC_ROOT_CLASS = YES_ERROR;
				CLANG_WARN_RANGE_LOOP_ANALYSIS = YES;
				CLANG_WARN_STRICT_PROTOTYPES = YES;
				CLANG_WARN_SUSPICIOUS_MOVE = YES;
				CLANG_WARN_UNGUARDED_AVAILABILITY = YES_AGGRESSIVE;
				CLANG_WARN_UNREACHABLE_CODE = YES;
				CLANG_WARN__DUPLICATE_METHOD_MATCH = YES;
				COPY_PHASE_STRIP = NO;
				DEBUG_INFORMATION_FORMAT = "dwarf-with-dsym";
				ENABLE_NS_ASSERTIONS = NO;
				ENABLE_STRICT_OBJC_MSGSEND = YES;
				GCC_C_LANGUAGE_STANDARD = gnu11;
				GCC_NO_COMMON_BLOCKS = YES;
				GCC_WARN_64_TO_32_BIT_CONVERSION = YES;
				GCC_WARN_ABOUT_RETURN_TYPE = YES_ERROR;
				GCC_WARN_UNDECLARED_SELECTOR = YES;
				GCC_WARN_UNINITIALIZED_AUTOS = YES_AGGRESSIVE;
				GCC_WARN_UNUSED_FUNCTION = YES;
				GCC_WARN_UNUSED_VARIABLE = YES;
				MTL_ENABLE_DEBUG_INFO = NO;
				MTL_FAST_MATH = YES;
				SDKROOT = appletvos;
				SWIFT_COMPILATION_MODE = wholemodule;
				SWIFT_OPTIMIZATION_LEVEL = "-O";
				TVOS_DEPLOYMENT_TARGET = 13.4;
				VALIDATE_PRODUCT = YES;
			};
			name = Release;
		};
		785F157F24A6F77400CA9CFD /* Debug */ = {
			isa = XCBuildConfiguration;
			buildSettings = {
				ASSETCATALOG_COMPILER_APPICON_NAME = "App Icon & Top Shelf Image";
				CODE_SIGN_STYLE = Automatic;
				DEVELOPMENT_TEAM = 6B3D2CTQJ4;
				INFOPLIST_FILE = "Randomly Beautiful/Info.plist";
				LD_RUNPATH_SEARCH_PATHS = (
					"$(inherited)",
					"@executable_path/Frameworks",
				);
				PRODUCT_BUNDLE_IDENTIFIER = "com.dixitabhargav.Randomly-Beautiful";
				PRODUCT_NAME = "$(TARGET_NAME)";
				SWIFT_VERSION = 5.0;
				TARGETED_DEVICE_FAMILY = 3;
			};
			name = Debug;
		};
		785F158024A6F77400CA9CFD /* Release */ = {
			isa = XCBuildConfiguration;
			buildSettings = {
				ASSETCATALOG_COMPILER_APPICON_NAME = "App Icon & Top Shelf Image";
				CODE_SIGN_STYLE = Automatic;
				DEVELOPMENT_TEAM = 6B3D2CTQJ4;
				INFOPLIST_FILE = "Randomly Beautiful/Info.plist";
				LD_RUNPATH_SEARCH_PATHS = (
					"$(inherited)",
					"@executable_path/Frameworks",
				);
				PRODUCT_BUNDLE_IDENTIFIER = "com.dixitabhargav.Randomly-Beautiful";
				PRODUCT_NAME = "$(TARGET_NAME)";
				SWIFT_VERSION = 5.0;
				TARGETED_DEVICE_FAMILY = 3;
			};
			name = Release;
		};
/* End XCBuildConfiguration section */

/* Begin XCConfigurationList section */
		785F156724A6F77400CA9CFD /* Build configuration list for PBXProject "Randomly Beautiful" */ = {
			isa = XCConfigurationList;
			buildConfigurations = (
				785F157C24A6F77400CA9CFD /* Debug */,
				785F157D24A6F77400CA9CFD /* Release */,
			);
			defaultConfigurationIsVisible = 0;
			defaultConfigurationName = Release;
		};
		785F157E24A6F77400CA9CFD /* Build configuration list for PBXNativeTarget "Randomly Beautiful" */ = {
			isa = XCConfigurationList;
			buildConfigurations = (
				785F157F24A6F77400CA9CFD /* Debug */,
				785F158024A6F77400CA9CFD /* Release */,
			);
			defaultConfigurationIsVisible = 0;
			defaultConfigurationName = Release;
		};
/* End XCConfigurationList section */
	};
	rootObject = 785F156424A6F77400CA9CFD /* Project object */;
}
